
Microsoft Visual Studio Solution File, Format Version 12.00
# Visual Studio Version 17
VisualStudioVersion = 17.4.33122.133
MinimumVisualStudioVersion = 10.0.40219.1
Project("{FAE04EC0-301F-11D3-BF4B-00C04F79EFBC}") = "Laba8_2", "Laba8_2\Laba8_2.csproj", "{27F06D1B-6E00-4783-BAB2-60DF623ABDD3}"
EndProject
Global
	GlobalSection(SolutionConfigurationPlatforms) = preSolution
		Debug|Any CPU = Debug|Any CPU
		Release|Any CPU = Release|Any CPU
	EndGlobalSection
	GlobalSection(ProjectConfigurationPlatforms) = postSolution
		{27F06D1B-6E00-4783-BAB2-60DF623ABDD3}.Debug|Any CPU.ActiveCfg = Debug|Any CPU
		{27F06D1B-6E00-4783-BAB2-60DF623ABDD3}.Debug|Any CPU.Build.0 = Debug|Any CPU
		{27F06D1B-6E00-4783-BAB2-60DF623ABDD3}.Release|Any CPU.ActiveCfg = Release|Any CPU
		{27F06D1B-6E00-4783-BAB2-60DF623ABDD3}.Release|Any CPU.Build.0 = Release|Any CPU
	EndGlobalSection
	GlobalSection(SolutionProperties) = preSolution
		HideSolutionNode = FALSE
	EndGlobalSection
	GlobalSection(ExtensibilityGlobals) = postSolution
		SolutionGuid = {5445014D-70F3-48B3-B5FD-C9A21E2C8D0B}
	EndGlobalSection
EndGlobal
